lockfileVersion: '6.0'

settings:
  autoInstallPeers: true
  excludeLinksFromLockfile: false

importers:

  .: {}

  parachain-api:
    dependencies:
      '@polkadot/api':
        specifier: ^15.0.1
        version: 15.0.1
      '@polkadot/api-augment':
        specifier: ^15.0.1
        version: 15.0.1
      '@polkadot/api-base':
        specifier: ^15.0.1
        version: 15.0.1
      '@polkadot/api-derive':
        specifier: ^15.0.1
        version: 15.0.1
      '@polkadot/keyring':
        specifier: ^12.2.1
        version: 12.5.1(@polkadot/util-crypto@12.5.1)(@polkadot/util@12.5.1)
      '@polkadot/rpc-core':
        specifier: ^15.0.1
        version: 15.0.1
      '@polkadot/types':
        specifier: ^15.0.1
        version: 15.0.1
      '@polkadot/types-augment':
        specifier: ^15.0.1
        version: 15.0.1
      '@polkadot/types-codec':
        specifier: ^15.0.1
        version: 15.0.1
      '@polkadot/types-create':
        specifier: ^15.0.1
        version: 15.0.1
      '@polkadot/types-known':
        specifier: ^15.0.1
        version: 15.0.1
      '@polkadot/types-support':
        specifier: ^15.0.1
        version: 15.0.1
      '@polkadot/util':
        specifier: ^12.5.1
        version: 12.5.1
      '@polkadot/util-crypto':
        specifier: ^12.5.1
        version: 12.5.1(@polkadot/util@12.5.1)
    devDependencies:
      '@polkadot/typegen':
        specifier: ^15.0.1
        version: 15.0.1
      '@types/node':
        specifier: ^20.3.1
        version: 20.7.1
      prettier:
        specifier: 2.8.1
        version: 2.8.1
      ts-node:
        specifier: ^10.9.1
        version: 10.9.1(@types/node@20.7.1)(typescript@5.2.2)
      typescript:
        specifier: ^5.0.4
        version: 5.2.2

  sidechain-api:
    dependencies:
      '@polkadot/api':
        specifier: ^15.0.1
        version: 15.0.1
      '@polkadot/api-augment':
        specifier: ^15.0.1
        version: 15.0.1
      '@polkadot/api-base':
        specifier: ^15.0.1
        version: 15.0.1
      '@polkadot/api-derive':
        specifier: ^15.0.1
        version: 15.0.1
      '@polkadot/keyring':
        specifier: ^12.2.1
        version: 12.5.1(@polkadot/util-crypto@12.5.1)(@polkadot/util@12.5.1)
      '@polkadot/rpc-core':
        specifier: ^15.0.1
        version: 15.0.1
      '@polkadot/types':
        specifier: ^15.0.1
        version: 15.0.1
      '@polkadot/types-augment':
        specifier: ^15.0.1
        version: 15.0.1
      '@polkadot/types-codec':
        specifier: ^15.0.1
        version: 15.0.1
      '@polkadot/types-create':
        specifier: ^15.0.1
        version: 15.0.1
      '@polkadot/types-known':
        specifier: ^15.0.1
        version: 15.0.1
      '@polkadot/types-support':
        specifier: ^15.0.1
        version: 15.0.1
      '@polkadot/util':
        specifier: ^12.5.1
        version: 12.5.1
      '@polkadot/util-crypto':
        specifier: ^12.5.1
        version: 12.5.1(@polkadot/util@12.5.1)
    devDependencies:
      '@polkadot/typegen':
        specifier: ^15.0.1
        version: 15.0.1
      '@types/node':
        specifier: ^20.3.1
        version: 20.7.1
      prettier:
        specifier: 2.8.1
        version: 2.8.1
      ts-node:
        specifier: ^10.9.1
        version: 10.9.1(@types/node@20.7.1)(typescript@5.2.2)
      typescript:
        specifier: ^5.0.4
        version: 5.2.2

packages:

  /@cspotcode/source-map-support@0.8.1:
    resolution: {integrity: sha512-IchNf6dN4tHoMFIn/7OE8LWZ19Y6q/67Bmf6vnGREv8RSbBVb9LPJxEcnwrcwX6ixSvaiGoomAUvu4YSxXrVgw==}
    engines: {node: '>=12'}
    dependencies:
      '@jridgewell/trace-mapping': 0.3.9
    dev: true

  /@jridgewell/resolve-uri@3.1.1:
    resolution: {integrity: sha512-dSYZh7HhCDtCKm4QakX0xFpsRDqjjtZf/kjI/v3T3Nwt5r8/qz/M19F9ySyOqU94SXBmeG9ttTul+YnR4LOxFA==}
    engines: {node: '>=6.0.0'}
    dev: true

  /@jridgewell/sourcemap-codec@1.4.15:
    resolution: {integrity: sha512-eF2rxCRulEKXHTRiDrDy6erMYWqNw4LPdQ8UQA4huuxaQsVeRPFl2oM8oDGxMFhJUWZf9McpLtJasDDZb/Bpeg==}
    dev: true

  /@jridgewell/trace-mapping@0.3.9:
    resolution: {integrity: sha512-3Belt6tdc8bPgAtbcmdtNJlirVoTmEb5e2gC94PnkwEW9jI6CAHUeoG85tjWP5WquqfavoMtMwiG4P926ZKKuQ==}
    dependencies:
      '@jridgewell/resolve-uri': 3.1.1
      '@jridgewell/sourcemap-codec': 1.4.15
    dev: true

  /@noble/curves@1.2.0:
    resolution: {integrity: sha512-oYclrNgRaM9SsBUBVbb8M6DTV7ZHRTKugureoYEncY5c65HOmRzvSiTE3y5CYaPYJA/GVkrhXEoF0M3Ya9PMnw==}
    dependencies:
      '@noble/hashes': 1.3.2
    dev: false

  /@noble/curves@1.7.0:
    resolution: {integrity: sha512-UTMhXK9SeDhFJVrHeUJ5uZlI6ajXg10O6Ddocf9S6GjbSBVZsJo88HzKwXznNfGpMTRDyJkqMjNDPYgf0qFWnw==}
    engines: {node: ^14.21.3 || >=16}
    dependencies:
      '@noble/hashes': 1.6.0

  /@noble/hashes@1.3.2:
    resolution: {integrity: sha512-MVC8EAQp7MvEcm30KWENFjgR+Mkmf+D189XJTkFIlwohU5hcBbn1ZkKq7KVTi2Hme3PMGF390DaL52beVrIihQ==}
    engines: {node: '>= 16'}

  /@noble/hashes@1.6.0:
    resolution: {integrity: sha512-YUULf0Uk4/mAA89w+k3+yUYh6NrEvxZa5T6SY3wlMvE2chHkxFUUIDI8/XW1QSC357iA5pSnqt7XEhvFOqmDyQ==}
    engines: {node: ^14.21.3 || >=16}

  /@noble/hashes@1.6.1:
    resolution: {integrity: sha512-pq5D8h10hHBjyqX+cfBm0i8JUXJ0UhczFc4r74zbuT9XgewFo2E3J1cOaGtdZynILNmQ685YWGzGE1Zv6io50w==}
    engines: {node: ^14.21.3 || >=16}

  /@polkadot-api/json-rpc-provider-proxy@0.1.0:
    resolution: {integrity: sha512-8GSFE5+EF73MCuLQm8tjrbCqlgclcHBSRaswvXziJ0ZW7iw3UEMsKkkKvELayWyBuOPa2T5i1nj6gFOeIsqvrg==}
    requiresBuild: true
    optional: true

  /@polkadot-api/json-rpc-provider@0.0.1:
    resolution: {integrity: sha512-/SMC/l7foRjpykLTUTacIH05H3mr9ip8b5xxfwXlVezXrNVLp3Cv0GX6uItkKd+ZjzVPf3PFrDF2B2/HLSNESA==}
    requiresBuild: true
    optional: true

  /@polkadot-api/metadata-builders@0.3.2:
    resolution: {integrity: sha512-TKpfoT6vTb+513KDzMBTfCb/ORdgRnsS3TDFpOhAhZ08ikvK+hjHMt5plPiAX/OWkm1Wc9I3+K6W0hX5Ab7MVg==}
    requiresBuild: true
    dependencies:
      '@polkadot-api/substrate-bindings': 0.6.0
      '@polkadot-api/utils': 0.1.0
    optional: true

  /@polkadot-api/observable-client@0.3.2(@polkadot-api/substrate-client@0.1.4)(rxjs@7.8.1):
    resolution: {integrity: sha512-HGgqWgEutVyOBXoGOPp4+IAq6CNdK/3MfQJmhCJb8YaJiaK4W6aRGrdQuQSTPHfERHCARt9BrOmEvTXAT257Ug==}
    requiresBuild: true
    peerDependencies:
      '@polkadot-api/substrate-client': 0.1.4
      rxjs: '>=7.8.0'
    dependencies:
      '@polkadot-api/metadata-builders': 0.3.2
      '@polkadot-api/substrate-bindings': 0.6.0
      '@polkadot-api/substrate-client': 0.1.4
      '@polkadot-api/utils': 0.1.0
      rxjs: 7.8.1
    optional: true

  /@polkadot-api/substrate-bindings@0.6.0:
    resolution: {integrity: sha512-lGuhE74NA1/PqdN7fKFdE5C1gNYX357j1tWzdlPXI0kQ7h3kN0zfxNOpPUN7dIrPcOFZ6C0tRRVrBylXkI6xPw==}
    requiresBuild: true
    dependencies:
      '@noble/hashes': 1.3.2
      '@polkadot-api/utils': 0.1.0
      '@scure/base': 1.1.3
      scale-ts: 1.6.1
    optional: true

  /@polkadot-api/substrate-client@0.1.4:
    resolution: {integrity: sha512-MljrPobN0ZWTpn++da9vOvt+Ex+NlqTlr/XT7zi9sqPtDJiQcYl+d29hFAgpaeTqbeQKZwz3WDE9xcEfLE8c5A==}
    requiresBuild: true
    dependencies:
      '@polkadot-api/json-rpc-provider': 0.0.1
      '@polkadot-api/utils': 0.1.0
    optional: true

  /@polkadot-api/utils@0.1.0:
    resolution: {integrity: sha512-MXzWZeuGxKizPx2Xf/47wx9sr/uxKw39bVJUptTJdsaQn/TGq+z310mHzf1RCGvC1diHM8f593KrnDgc9oNbJA==}
    requiresBuild: true
    optional: true

  /@polkadot/api-augment@15.0.1:
    resolution: {integrity: sha512-dNFrim/87+rStNCrI1aSaH0nZzRadDwEIya/p860lFRVZQpkBvZlqvSBQUqcKxI0c5c1pp1uaSEixq+A+IOUBg==}
    engines: {node: '>=18'}
    dependencies:
      '@polkadot/api-base': 15.0.1
      '@polkadot/rpc-augment': 15.0.1
      '@polkadot/types': 15.0.1
      '@polkadot/types-augment': 15.0.1
      '@polkadot/types-codec': 15.0.1
      '@polkadot/util': 13.2.3
      tslib: 2.8.1
    transitivePeerDependencies:
      - bufferutil
      - supports-color
      - utf-8-validate

  /@polkadot/api-base@15.0.1:
    resolution: {integrity: sha512-P4WQ+SqyuotVd//EFMIzlWLRbER9JycpdmTaKof2NpVioGotbHhJtO4TXPC3CW1C8zovM7KYrcWtz6b8/FxqoA==}
    engines: {node: '>=18'}
    dependencies:
      '@polkadot/rpc-core': 15.0.1
      '@polkadot/types': 15.0.1
      '@polkadot/util': 13.2.3
      rxjs: 7.8.1
      tslib: 2.8.1
    transitivePeerDependencies:
      - bufferutil
      - supports-color
      - utf-8-validate

  /@polkadot/api-derive@15.0.1:
    resolution: {integrity: sha512-gaLqZ8wL+hGMntq5gxHb6Rv+EQzmmnC63plMBvk5pnNfCm4xjN43GYpbOwSQknHVNo+irC7qwD3GyPK6TfFUUA==}
    engines: {node: '>=18'}
    dependencies:
      '@polkadot/api': 15.0.1
      '@polkadot/api-augment': 15.0.1
      '@polkadot/api-base': 15.0.1
      '@polkadot/rpc-core': 15.0.1
      '@polkadot/types': 15.0.1
      '@polkadot/types-codec': 15.0.1
      '@polkadot/util': 13.2.3
      '@polkadot/util-crypto': 13.2.3(@polkadot/util@13.2.3)
      rxjs: 7.8.1
      tslib: 2.8.1
    transitivePeerDependencies:
      - bufferutil
      - supports-color
      - utf-8-validate

  /@polkadot/api@15.0.1:
    resolution: {integrity: sha512-ZOqw99B70XrX0it0cWu1YSBrtGNhdFpk5zvUVL5+FD8iyO+Tuk1m32VR0PukDCdlwxFXuEw7vRdZX/G/BzoZhg==}
    engines: {node: '>=18'}
    dependencies:
      '@polkadot/api-augment': 15.0.1
      '@polkadot/api-base': 15.0.1
      '@polkadot/api-derive': 15.0.1
      '@polkadot/keyring': 13.2.3(@polkadot/util-crypto@13.2.3)(@polkadot/util@13.2.3)
      '@polkadot/rpc-augment': 15.0.1
      '@polkadot/rpc-core': 15.0.1
      '@polkadot/rpc-provider': 15.0.1
      '@polkadot/types': 15.0.1
      '@polkadot/types-augment': 15.0.1
      '@polkadot/types-codec': 15.0.1
      '@polkadot/types-create': 15.0.1
      '@polkadot/types-known': 15.0.1
      '@polkadot/util': 13.2.3
      '@polkadot/util-crypto': 13.2.3(@polkadot/util@13.2.3)
      eventemitter3: 5.0.1
      rxjs: 7.8.1
      tslib: 2.8.1
    transitivePeerDependencies:
      - bufferutil
      - supports-color
      - utf-8-validate

  /@polkadot/keyring@12.5.1(@polkadot/util-crypto@12.5.1)(@polkadot/util@12.5.1):
    resolution: {integrity: sha512-u6b+Q7wI6WY/vwmJS9uUHy/5hKZ226nTlVNmxjkj9GvrRsQvUSwS94163yHPJwiZJiIv5xK5m0rwCMyoYu+wjA==}
    engines: {node: '>=16'}
    peerDependencies:
      '@polkadot/util': 12.5.1
      '@polkadot/util-crypto': 12.5.1
    dependencies:
      '@polkadot/util': 12.5.1
      '@polkadot/util-crypto': 12.5.1(@polkadot/util@12.5.1)
      tslib: 2.6.2
    dev: false

  /@polkadot/keyring@13.2.3(@polkadot/util-crypto@13.2.3)(@polkadot/util@13.2.3):
    resolution: {integrity: sha512-pgTo6DXNXub0wGD+MnVHYhKxf80Jl+QMOCb818ioGdXz++Uw4mTueFAwtB+N7TGo0HafhChUiNJDxFdlDkcAng==}
    engines: {node: '>=18'}
    peerDependencies:
      '@polkadot/util': 13.2.3
      '@polkadot/util-crypto': 13.2.3
    dependencies:
      '@polkadot/util': 13.2.3
      '@polkadot/util-crypto': 13.2.3(@polkadot/util@13.2.3)
      tslib: 2.8.1

  /@polkadot/networks@12.5.1:
    resolution: {integrity: sha512-PP6UUdzz6iHHZH4q96cUEhTcydHj16+61sqeaYEJSF6Q9iY+5WVWQ26+rdjmre/EBdrMQkSS/CKy73mO5z/JkQ==}
    engines: {node: '>=16'}
    dependencies:
      '@polkadot/util': 12.5.1
      '@substrate/ss58-registry': 1.43.0
      tslib: 2.6.2
    dev: false

  /@polkadot/networks@13.2.3:
    resolution: {integrity: sha512-mG+zkXg/33AyPrkv2xBbAo3LBUwOwBn6qznBU/4jxiZPnVvCwMaxE7xHM22B5riItbNJ169FXv3wy0v6ZmkFbw==}
    engines: {node: '>=18'}
    dependencies:
      '@polkadot/util': 13.2.3
      '@substrate/ss58-registry': 1.51.0
      tslib: 2.8.1

  /@polkadot/rpc-augment@15.0.1:
    resolution: {integrity: sha512-4FoY+oXC08+vaLMAvFgOOjcFHNBHEv2kOqgxtO/yCyMLNvyRRnrBtMofznJ1EWEwzehvU5iSlbMCerKdImFRZQ==}
    engines: {node: '>=18'}
    dependencies:
      '@polkadot/rpc-core': 15.0.1
      '@polkadot/types': 15.0.1
      '@polkadot/types-codec': 15.0.1
      '@polkadot/util': 13.2.3
      tslib: 2.8.1
    transitivePeerDependencies:
      - bufferutil
      - supports-color
      - utf-8-validate

  /@polkadot/rpc-core@15.0.1:
    resolution: {integrity: sha512-I5F1T17Nr5oEuqAysP7n14tWym54hCriqj0pV0tM4yfIF0iWaWPkqWNRU7uNfv86n3m15IMGoMapvgZVnUF5LQ==}
    engines: {node: '>=18'}
    dependencies:
      '@polkadot/rpc-augment': 15.0.1
      '@polkadot/rpc-provider': 15.0.1
      '@polkadot/types': 15.0.1
      '@polkadot/util': 13.2.3
      rxjs: 7.8.1
      tslib: 2.8.1
    transitivePeerDependencies:
      - bufferutil
      - supports-color
      - utf-8-validate

  /@polkadot/rpc-provider@15.0.1:
    resolution: {integrity: sha512-ziRob/sco751+OK700vNh7IivysFOeZthO7JpC8CEQhZ2c+z/HY7bNsAucy1q1ELGe7xLMZW2/rm/RG285ZDPQ==}
    engines: {node: '>=18'}
    dependencies:
      '@polkadot/keyring': 13.2.3(@polkadot/util-crypto@13.2.3)(@polkadot/util@13.2.3)
      '@polkadot/types': 15.0.1
      '@polkadot/types-support': 15.0.1
      '@polkadot/util': 13.2.3
      '@polkadot/util-crypto': 13.2.3(@polkadot/util@13.2.3)
      '@polkadot/x-fetch': 13.2.3
      '@polkadot/x-global': 13.2.3
      '@polkadot/x-ws': 13.2.3
      eventemitter3: 5.0.1
      mock-socket: 9.3.1
      nock: 13.5.6
      tslib: 2.8.1
    optionalDependencies:
      '@substrate/connect': 0.8.11
    transitivePeerDependencies:
      - bufferutil
      - supports-color
      - utf-8-validate

  /@polkadot/typegen@15.0.1:
    resolution: {integrity: sha512-XXE4ZQ6nXA98HWrNgzjQnX7emQcXqPsDsqiIytDBL4i4G/xgw4OFtykHqjbTu5y0LmoHAYsa3L6sSQU0Mg8cag==}
    engines: {node: '>=18'}
    hasBin: true
    dependencies:
      '@polkadot/api': 15.0.1
      '@polkadot/api-augment': 15.0.1
      '@polkadot/rpc-augment': 15.0.1
      '@polkadot/rpc-provider': 15.0.1
      '@polkadot/types': 15.0.1
      '@polkadot/types-augment': 15.0.1
      '@polkadot/types-codec': 15.0.1
      '@polkadot/types-create': 15.0.1
      '@polkadot/types-support': 15.0.1
      '@polkadot/util': 13.2.3
      '@polkadot/util-crypto': 13.2.3(@polkadot/util@13.2.3)
      '@polkadot/x-ws': 13.2.3
      handlebars: 4.7.8
      tslib: 2.8.1
      yargs: 17.7.2
    transitivePeerDependencies:
      - bufferutil
      - supports-color
      - utf-8-validate
    dev: true

  /@polkadot/types-augment@15.0.1:
    resolution: {integrity: sha512-6fTjJmTGd46UUIYPHr5oA6kiFl6IY45dvDgUQu07AmVdEQlq3OPq/7GyS639SLHHfMLSPbFKyt1iMVj9BNu0qA==}
    engines: {node: '>=18'}
    dependencies:
      '@polkadot/types': 15.0.1
      '@polkadot/types-codec': 15.0.1
      '@polkadot/util': 13.2.3
      tslib: 2.8.1

  /@polkadot/types-codec@15.0.1:
    resolution: {integrity: sha512-SLypmYH6FYRmqGG8TBbi4X0tYh1OUZEMNkujln2eHxsuFIYRGrHFnEohtkF9ktSxoUji2ph9I5ZW5gqQvEsXrA==}
    engines: {node: '>=18'}
    dependencies:
      '@polkadot/util': 13.2.3
      '@polkadot/x-bigint': 13.2.3
      tslib: 2.8.1

  /@polkadot/types-create@15.0.1:
    resolution: {integrity: sha512-M1vs5o3sw8p3g88GhJgz2vSSgxnr5CfbaL4r5EYzR+Hx9xUvz03aEofySvodusEpdRQ9MijnsNSP9306xvcqhw==}
    engines: {node: '>=18'}
    dependencies:
      '@polkadot/types-codec': 15.0.1
      '@polkadot/util': 13.2.3
      tslib: 2.8.1

  /@polkadot/types-known@15.0.1:
    resolution: {integrity: sha512-9VC6QX4/JAjWmnSdaZIm4n8CgmVj9KutgQ5/Uy9VBrTwfRzUPIBwHZT8lPQLeN1WwQRbtc5ojDoo2SR+OqGTqw==}
    engines: {node: '>=18'}
    dependencies:
      '@polkadot/networks': 13.2.3
      '@polkadot/types': 15.0.1
      '@polkadot/types-codec': 15.0.1
      '@polkadot/types-create': 15.0.1
      '@polkadot/util': 13.2.3
      tslib: 2.8.1

  /@polkadot/types-support@15.0.1:
    resolution: {integrity: sha512-w/IWFuDn290brw75ZXKPkQMazz0yizE0zK0XuqP2S4IW009x+z0peRc7Q4k36JOqDVDwSc38vTxWtRPVqdoI1g==}
    engines: {node: '>=18'}
    dependencies:
      '@polkadot/util': 13.2.3
      tslib: 2.8.1

  /@polkadot/types@15.0.1:
    resolution: {integrity: sha512-jnn0h8Z4O3l/UjrBOJPmkfKjuC6fSqhQfsn7HpWF18lEicGp4/A7X3AZryIg8npKHHiuH30bK/o1VuivH+4dVw==}
    engines: {node: '>=18'}
    dependencies:
      '@polkadot/keyring': 13.2.3(@polkadot/util-crypto@13.2.3)(@polkadot/util@13.2.3)
      '@polkadot/types-augment': 15.0.1
      '@polkadot/types-codec': 15.0.1
      '@polkadot/types-create': 15.0.1
      '@polkadot/util': 13.2.3
      '@polkadot/util-crypto': 13.2.3(@polkadot/util@13.2.3)
      rxjs: 7.8.1
      tslib: 2.8.1

  /@polkadot/util-crypto@12.5.1(@polkadot/util@12.5.1):
    resolution: {integrity: sha512-Y8ORbMcsM/VOqSG3DgqutRGQ8XXK+X9M3C8oOEI2Tji65ZsXbh9Yh+ryPLM0oBp/9vqOXjkLgZJbbVuQceOw0A==}
    engines: {node: '>=16'}
    peerDependencies:
      '@polkadot/util': 12.5.1
    dependencies:
      '@noble/curves': 1.2.0
      '@noble/hashes': 1.3.2
      '@polkadot/networks': 12.5.1
      '@polkadot/util': 12.5.1
      '@polkadot/wasm-crypto': 7.2.2(@polkadot/util@12.5.1)(@polkadot/x-randomvalues@12.5.1)
      '@polkadot/wasm-util': 7.2.2(@polkadot/util@12.5.1)
      '@polkadot/x-bigint': 12.5.1
      '@polkadot/x-randomvalues': 12.5.1(@polkadot/util@12.5.1)(@polkadot/wasm-util@7.2.2)
      '@scure/base': 1.1.3
      tslib: 2.6.2
    dev: false

  /@polkadot/util-crypto@13.2.3(@polkadot/util@13.2.3):
    resolution: {integrity: sha512-5sbggmLbn5eiuVMyPROPlT5roHRqdKHOfSpioNbGvGIZ1qIWVoC1RfsK0NWJOVGDzy6DpQe0KYT/kgcU5Xsrzw==}
    engines: {node: '>=18'}
    peerDependencies:
      '@polkadot/util': 13.2.3
    dependencies:
      '@noble/curves': 1.7.0
      '@noble/hashes': 1.6.1
      '@polkadot/networks': 13.2.3
      '@polkadot/util': 13.2.3
      '@polkadot/wasm-crypto': 7.4.1(@polkadot/util@13.2.3)(@polkadot/x-randomvalues@13.2.3)
      '@polkadot/wasm-util': 7.4.1(@polkadot/util@13.2.3)
      '@polkadot/x-bigint': 13.2.3
      '@polkadot/x-randomvalues': 13.2.3(@polkadot/util@13.2.3)(@polkadot/wasm-util@7.4.1)
      '@scure/base': 1.2.1
      tslib: 2.8.1

  /@polkadot/util@12.5.1:
    resolution: {integrity: sha512-fDBZL7D4/baMG09Qowseo884m3QBzErGkRWNBId1UjWR99kyex+cIY9fOSzmuQxo6nLdJlLHw1Nz2caN3+Bq0A==}
    engines: {node: '>=16'}
    dependencies:
      '@polkadot/x-bigint': 12.5.1
      '@polkadot/x-global': 12.5.1
      '@polkadot/x-textdecoder': 12.5.1
      '@polkadot/x-textencoder': 12.5.1
      '@types/bn.js': 5.1.2
      bn.js: 5.2.1
      tslib: 2.6.2
    dev: false

  /@polkadot/util@13.2.3:
    resolution: {integrity: sha512-pioNnsig3qHXrfOKMe4Yqos8B8N3/EZUpS+WfTpWnn1VjYban/0GrTXeavPlAwggnY27b8fS6rBzQBhnVYDw8g==}
    engines: {node: '>=18'}
    dependencies:
      '@polkadot/x-bigint': 13.2.3
      '@polkadot/x-global': 13.2.3
      '@polkadot/x-textdecoder': 13.2.3
      '@polkadot/x-textencoder': 13.2.3
      '@types/bn.js': 5.1.6
      bn.js: 5.2.1
      tslib: 2.8.1

  /@polkadot/wasm-bridge@7.2.2(@polkadot/util@12.5.1)(@polkadot/x-randomvalues@12.5.1):
    resolution: {integrity: sha512-CgNENd65DVYtackOVXXRA0D1RPoCv5+77IdBCf7kNqu6LeAnR4nfTI6qjaApUdN1xRweUsQjSH7tu7VjkMOA0A==}
    engines: {node: '>=16'}
    peerDependencies:
      '@polkadot/util': '*'
      '@polkadot/x-randomvalues': '*'
    dependencies:
      '@polkadot/util': 12.5.1
      '@polkadot/wasm-util': 7.2.2(@polkadot/util@12.5.1)
      '@polkadot/x-randomvalues': 12.5.1(@polkadot/util@12.5.1)(@polkadot/wasm-util@7.2.2)
      tslib: 2.6.2
    dev: false

  /@polkadot/wasm-bridge@7.4.1(@polkadot/util@13.2.3)(@polkadot/x-randomvalues@13.2.3):
    resolution: {integrity: sha512-tdkJaV453tezBxhF39r4oeG0A39sPKGDJmN81LYLf+Fihb7astzwju+u75BRmDrHZjZIv00un3razJEWCxze6g==}
    engines: {node: '>=18'}
    peerDependencies:
      '@polkadot/util': '*'
      '@polkadot/x-randomvalues': '*'
    dependencies:
      '@polkadot/util': 13.2.3
      '@polkadot/wasm-util': 7.4.1(@polkadot/util@13.2.3)
      '@polkadot/x-randomvalues': 13.2.3(@polkadot/util@13.2.3)(@polkadot/wasm-util@7.4.1)
      tslib: 2.8.1

  /@polkadot/wasm-crypto-asmjs@7.2.2(@polkadot/util@12.5.1):
    resolution: {integrity: sha512-wKg+cpsWQCTSVhjlHuNeB/184rxKqY3vaklacbLOMbUXieIfuDBav5PJdzS3yeiVE60TpYaHW4iX/5OYHS82gg==}
    engines: {node: '>=16'}
    peerDependencies:
      '@polkadot/util': '*'
    dependencies:
      '@polkadot/util': 12.5.1
      tslib: 2.6.2
    dev: false

  /@polkadot/wasm-crypto-asmjs@7.4.1(@polkadot/util@13.2.3):
    resolution: {integrity: sha512-pwU8QXhUW7IberyHJIQr37IhbB6DPkCG5FhozCiNTq4vFBsFPjm9q8aZh7oX1QHQaiAZa2m2/VjIVE+FHGbvHQ==}
    engines: {node: '>=18'}
    peerDependencies:
      '@polkadot/util': '*'
    dependencies:
      '@polkadot/util': 13.2.3
      tslib: 2.8.1

  /@polkadot/wasm-crypto-init@7.2.2(@polkadot/util@12.5.1)(@polkadot/x-randomvalues@12.5.1):
    resolution: {integrity: sha512-vD4iPIp9x+SssUIWUenxWLPw4BVIwhXHNMpsV81egK990tvpyIxL205/EF5QRb1mKn8WfWcNFm5tYwwh9NdnnA==}
    engines: {node: '>=16'}
    peerDependencies:
      '@polkadot/util': '*'
      '@polkadot/x-randomvalues': '*'
    dependencies:
      '@polkadot/util': 12.5.1
      '@polkadot/wasm-bridge': 7.2.2(@polkadot/util@12.5.1)(@polkadot/x-randomvalues@12.5.1)
      '@polkadot/wasm-crypto-asmjs': 7.2.2(@polkadot/util@12.5.1)
      '@polkadot/wasm-crypto-wasm': 7.2.2(@polkadot/util@12.5.1)
      '@polkadot/wasm-util': 7.2.2(@polkadot/util@12.5.1)
      '@polkadot/x-randomvalues': 12.5.1(@polkadot/util@12.5.1)(@polkadot/wasm-util@7.2.2)
      tslib: 2.6.2
    dev: false

  /@polkadot/wasm-crypto-init@7.4.1(@polkadot/util@13.2.3)(@polkadot/x-randomvalues@13.2.3):
    resolution: {integrity: sha512-AVka33+f7MvXEEIGq5U0dhaA2SaXMXnxVCQyhJTaCnJ5bRDj0Xlm3ijwDEQUiaDql7EikbkkRtmlvs95eSUWYQ==}
    engines: {node: '>=18'}
    peerDependencies:
      '@polkadot/util': '*'
      '@polkadot/x-randomvalues': '*'
    dependencies:
      '@polkadot/util': 13.2.3
      '@polkadot/wasm-bridge': 7.4.1(@polkadot/util@13.2.3)(@polkadot/x-randomvalues@13.2.3)
      '@polkadot/wasm-crypto-asmjs': 7.4.1(@polkadot/util@13.2.3)
      '@polkadot/wasm-crypto-wasm': 7.4.1(@polkadot/util@13.2.3)
      '@polkadot/wasm-util': 7.4.1(@polkadot/util@13.2.3)
      '@polkadot/x-randomvalues': 13.2.3(@polkadot/util@13.2.3)(@polkadot/wasm-util@7.4.1)
      tslib: 2.8.1

  /@polkadot/wasm-crypto-wasm@7.2.2(@polkadot/util@12.5.1):
    resolution: {integrity: sha512-3efoIB6jA3Hhv6k0YIBwCtlC8gCSWCk+R296yIXRLLr3cGN415KM/PO/d1JIXYI64lbrRzWRmZRhllw3jf6Atg==}
    engines: {node: '>=16'}
    peerDependencies:
      '@polkadot/util': '*'
    dependencies:
      '@polkadot/util': 12.5.1
      '@polkadot/wasm-util': 7.2.2(@polkadot/util@12.5.1)
      tslib: 2.6.2
    dev: false

  /@polkadot/wasm-crypto-wasm@7.4.1(@polkadot/util@13.2.3):
    resolution: {integrity: sha512-PE1OAoupFR0ZOV2O8tr7D1FEUAwaggzxtfs3Aa5gr+yxlSOaWUKeqsOYe1KdrcjmZVV3iINEAXxgrbzCmiuONg==}
    engines: {node: '>=18'}
    peerDependencies:
      '@polkadot/util': '*'
    dependencies:
      '@polkadot/util': 13.2.3
      '@polkadot/wasm-util': 7.4.1(@polkadot/util@13.2.3)
      tslib: 2.8.1

  /@polkadot/wasm-crypto@7.2.2(@polkadot/util@12.5.1)(@polkadot/x-randomvalues@12.5.1):
    resolution: {integrity: sha512-1ZY1rxUTawYm0m1zylvBMFovNIHYgG2v/XoASNp/EMG5c8FQIxCbhJRaTBA983GVq4lN/IAKREKEp9ZbLLqssA==}
    engines: {node: '>=16'}
    peerDependencies:
      '@polkadot/util': '*'
      '@polkadot/x-randomvalues': '*'
    dependencies:
      '@polkadot/util': 12.5.1
      '@polkadot/wasm-bridge': 7.2.2(@polkadot/util@12.5.1)(@polkadot/x-randomvalues@12.5.1)
      '@polkadot/wasm-crypto-asmjs': 7.2.2(@polkadot/util@12.5.1)
      '@polkadot/wasm-crypto-init': 7.2.2(@polkadot/util@12.5.1)(@polkadot/x-randomvalues@12.5.1)
      '@polkadot/wasm-crypto-wasm': 7.2.2(@polkadot/util@12.5.1)
      '@polkadot/wasm-util': 7.2.2(@polkadot/util@12.5.1)
      '@polkadot/x-randomvalues': 12.5.1(@polkadot/util@12.5.1)(@polkadot/wasm-util@7.2.2)
      tslib: 2.6.2
    dev: false

  /@polkadot/wasm-crypto@7.4.1(@polkadot/util@13.2.3)(@polkadot/x-randomvalues@13.2.3):
    resolution: {integrity: sha512-kHN/kF7hYxm1y0WeFLWeWir6oTzvcFmR4N8fJJokR+ajYbdmrafPN+6iLgQVbhZnDdxyv9jWDuRRsDnBx8tPMQ==}
    engines: {node: '>=18'}
    peerDependencies:
      '@polkadot/util': '*'
      '@polkadot/x-randomvalues': '*'
    dependencies:
      '@polkadot/util': 13.2.3
      '@polkadot/wasm-bridge': 7.4.1(@polkadot/util@13.2.3)(@polkadot/x-randomvalues@13.2.3)
      '@polkadot/wasm-crypto-asmjs': 7.4.1(@polkadot/util@13.2.3)
      '@polkadot/wasm-crypto-init': 7.4.1(@polkadot/util@13.2.3)(@polkadot/x-randomvalues@13.2.3)
      '@polkadot/wasm-crypto-wasm': 7.4.1(@polkadot/util@13.2.3)
      '@polkadot/wasm-util': 7.4.1(@polkadot/util@13.2.3)
      '@polkadot/x-randomvalues': 13.2.3(@polkadot/util@13.2.3)(@polkadot/wasm-util@7.4.1)
      tslib: 2.8.1

  /@polkadot/wasm-util@7.2.2(@polkadot/util@12.5.1):
    resolution: {integrity: sha512-N/25960ifCc56sBlJZ2h5UBpEPvxBmMLgwYsl7CUuT+ea2LuJW9Xh8VHDN/guYXwmm92/KvuendYkEUykpm/JQ==}
    engines: {node: '>=16'}
    peerDependencies:
      '@polkadot/util': '*'
    dependencies:
      '@polkadot/util': 12.5.1
      tslib: 2.6.2
    dev: false

  /@polkadot/wasm-util@7.4.1(@polkadot/util@13.2.3):
    resolution: {integrity: sha512-RAcxNFf3zzpkr+LX/ItAsvj+QyM56TomJ0xjUMo4wKkHjwsxkz4dWJtx5knIgQz/OthqSDMR59VNEycQeNuXzA==}
    engines: {node: '>=18'}
    peerDependencies:
      '@polkadot/util': '*'
    dependencies:
      '@polkadot/util': 13.2.3
      tslib: 2.8.1

  /@polkadot/x-bigint@12.5.1:
    resolution: {integrity: sha512-Fw39eoN9v0sqxSzfSC5awaDVdzojIiE7d1hRSQgVSrES+8whWvtbYMR0qwbVhTuW7DvogHmye41P9xKMlXZysg==}
    engines: {node: '>=16'}
    dependencies:
      '@polkadot/x-global': 12.5.1
      tslib: 2.6.2
    dev: false

  /@polkadot/x-bigint@13.2.3:
    resolution: {integrity: sha512-VKgEAh0LsxTd/Hg517Tt5ZU4CySjBwMpaojbkjgv3fOdg1cN7t4eFEUxpyj7mlO0cp22SzDh7nmy4TO98qhLQA==}
    engines: {node: '>=18'}
    dependencies:
      '@polkadot/x-global': 13.2.3
      tslib: 2.8.1

  /@polkadot/x-fetch@13.2.3:
    resolution: {integrity: sha512-7Nmk+8ieEGzz43nc1rX6nH3rQo6rhGmAaIXJWnXY9gOHY0k1me1bJYbP+xDdh8vcLh8eY3D1sESUwG6QYZW2lg==}
    engines: {node: '>=18'}
    dependencies:
      '@polkadot/x-global': 13.2.3
      node-fetch: 3.3.2
      tslib: 2.8.1

  /@polkadot/x-global@12.5.1:
    resolution: {integrity: sha512-6K0YtWEg0eXInDOihU5aSzeb1t9TiDdX9ZuRly+58ALSqw5kPZYmQLbzE1d8HWzyXRXK+YH65GtLzfMGqfYHmw==}
    engines: {node: '>=16'}
    dependencies:
      tslib: 2.6.2
    dev: false

  /@polkadot/x-global@13.2.3:
    resolution: {integrity: sha512-7MYQIAEwBkRcNrgqac5PbB0kNPlI6ISJEy6/Nb+crj8BFjQ8rf11PF49fq0QsvDeuYM1aNLigrvYZNptQs4lbw==}
    engines: {node: '>=18'}
    dependencies:
      tslib: 2.8.1

  /@polkadot/x-randomvalues@12.5.1(@polkadot/util@12.5.1)(@polkadot/wasm-util@7.2.2):
    resolution: {integrity: sha512-UsMb1d+77EPNjW78BpHjZLIm4TaIpfqq89OhZP/6gDIoS2V9iE/AK3jOWKm1G7Y2F8XIoX1qzQpuMakjfagFoQ==}
    engines: {node: '>=16'}
    peerDependencies:
      '@polkadot/util': 12.5.1
      '@polkadot/wasm-util': '*'
    dependencies:
      '@polkadot/util': 12.5.1
      '@polkadot/wasm-util': 7.2.2(@polkadot/util@12.5.1)
      '@polkadot/x-global': 12.5.1
      tslib: 2.6.2
    dev: false

  /@polkadot/x-randomvalues@13.2.3(@polkadot/util@13.2.3)(@polkadot/wasm-util@7.4.1):
    resolution: {integrity: sha512-Zf0GTfLmVk+VzPUmcQSpXjjmFzMTjPhXoLuIoE7xIu73T+vQ+TX9j7DvorN6bIRsnZ9l1SyTZsSf/NTjNZKIZg==}
    engines: {node: '>=18'}
    peerDependencies:
      '@polkadot/util': 13.2.3
      '@polkadot/wasm-util': '*'
    dependencies:
      '@polkadot/util': 13.2.3
      '@polkadot/wasm-util': 7.4.1(@polkadot/util@13.2.3)
      '@polkadot/x-global': 13.2.3
      tslib: 2.8.1

  /@polkadot/x-textdecoder@12.5.1:
    resolution: {integrity: sha512-j2YZGWfwhMC8nHW3BXq10fAPY02ObLL/qoTjCMJ1Cmc/OGq18Ep7k9cXXbjFAq3wf3tUUewt/u/hStKCk3IvfQ==}
    engines: {node: '>=16'}
    dependencies:
      '@polkadot/x-global': 12.5.1
      tslib: 2.6.2
    dev: false

  /@polkadot/x-textdecoder@13.2.3:
    resolution: {integrity: sha512-i8hRXPtGknmdm3FYv6/94I52VXHJZa5sgYNw1+Hqb4Jqmq4awUjea35CKXd/+aw70Qn8Ngg31l2GoiH494fa+Q==}
    engines: {node: '>=18'}
    dependencies:
      '@polkadot/x-global': 13.2.3
      tslib: 2.8.1

  /@polkadot/x-textencoder@12.5.1:
    resolution: {integrity: sha512-1JNNpOGb4wD+c7zFuOqjibl49LPnHNr4rj4s3WflLUIZvOMY6euoDuN3ISjQSHCLlVSoH0sOCWA3qXZU4bCTDQ==}
    engines: {node: '>=16'}
    dependencies:
      '@polkadot/x-global': 12.5.1
      tslib: 2.6.2
    dev: false

  /@polkadot/x-textencoder@13.2.3:
    resolution: {integrity: sha512-wJI3Bb/dC4zyBXJFm5+ZhyBXWoI5wvP8k8qX0/ZC0PQsgSAqs7LVhiofk4Wd94n0P41W5re58LrGXLyziSAshw==}
    engines: {node: '>=18'}
    dependencies:
      '@polkadot/x-global': 13.2.3
      tslib: 2.8.1

  /@polkadot/x-ws@13.2.3:
    resolution: {integrity: sha512-Y6MTAWgcnrnx/LkBx65X3ZyoJH5EFj3tXtflRoKg1+PLHSLuNBV7Wi5mLcE70z4e5c+4hgBbLq+8SqCqzFtSPw==}
    engines: {node: '>=18'}
    dependencies:
      '@polkadot/x-global': 13.2.3
      tslib: 2.8.1
      ws: 8.18.0
    transitivePeerDependencies:
      - bufferutil
      - utf-8-validate

  /@scure/base@1.1.3:
    resolution: {integrity: sha512-/+SgoRjLq7Xlf0CWuLHq2LUZeL/w65kfzAPG5NH9pcmBhs+nunQTn4gvdwgMTIXnt9b2C/1SeL2XiysZEyIC9Q==}

  /@scure/base@1.2.1:
    resolution: {integrity: sha512-DGmGtC8Tt63J5GfHgfl5CuAXh96VF/LD8K9Hr/Gv0J2lAoRGlPOMpqMpMbCTOoOJMZCk2Xt+DskdDyn6dEFdzQ==}

  /@substrate/connect-extension-protocol@2.2.1:
    resolution: {integrity: sha512-GoafTgm/Jey9E4Xlj4Z5ZBt/H4drH2CNq8VrAro80rtoznrXnFDNVivLQzZN0Xaj2g8YXSn9pC9Oc9IovYZJXw==}
    requiresBuild: true
    optional: true

  /@substrate/connect-known-chains@1.8.0:
    resolution: {integrity: sha512-sl7WfeDgnZuPvUl5Xw0XIziOTe8rEBJ3uugyDETGnafxEbjYMv5aJL0ilq5djhnQ7l9OuMJCN3Ckved2yINeeQ==}
    requiresBuild: true
    optional: true

  /@substrate/connect@0.8.11:
    resolution: {integrity: sha512-ofLs1PAO9AtDdPbdyTYj217Pe+lBfTLltdHDs3ds8no0BseoLeAGxpz1mHfi7zB4IxI3YyAiLjH6U8cw4pj4Nw==}
    deprecated: versions below 1.x are no longer maintained
    requiresBuild: true
    dependencies:
      '@substrate/connect-extension-protocol': 2.2.1
      '@substrate/connect-known-chains': 1.8.0
      '@substrate/light-client-extension-helpers': 1.0.0(smoldot@2.0.26)
      smoldot: 2.0.26
    transitivePeerDependencies:
      - bufferutil
      - utf-8-validate
    optional: true

  /@substrate/light-client-extension-helpers@1.0.0(smoldot@2.0.26):
    resolution: {integrity: sha512-TdKlni1mBBZptOaeVrKnusMg/UBpWUORNDv5fdCaJklP4RJiFOzBCrzC+CyVI5kQzsXBisZ+2pXm+rIjS38kHg==}
    requiresBuild: true
    peerDependencies:
      smoldot: 2.x
    dependencies:
      '@polkadot-api/json-rpc-provider': 0.0.1
      '@polkadot-api/json-rpc-provider-proxy': 0.1.0
      '@polkadot-api/observable-client': 0.3.2(@polkadot-api/substrate-client@0.1.4)(rxjs@7.8.1)
      '@polkadot-api/substrate-client': 0.1.4
      '@substrate/connect-extension-protocol': 2.2.1
      '@substrate/connect-known-chains': 1.8.0
      rxjs: 7.8.1
      smoldot: 2.0.26
    optional: true

  /@substrate/ss58-registry@1.43.0:
    resolution: {integrity: sha512-USEkXA46P9sqClL7PZv0QFsit4S8Im97wchKG0/H/9q3AT/S76r40UHfCr4Un7eBJPE23f7fU9BZ0ITpP9MCsA==}
    dev: false

  /@substrate/ss58-registry@1.51.0:
    resolution: {integrity: sha512-TWDurLiPxndFgKjVavCniytBIw+t4ViOi7TYp9h/D0NMmkEc9klFTo+827eyEJ0lELpqO207Ey7uGxUa+BS1jQ==}

  /@tsconfig/node10@1.0.9:
    resolution: {integrity: sha512-jNsYVVxU8v5g43Erja32laIDHXeoNvFEpX33OK4d6hljo3jDhCBDhx5dhCCTMWUojscpAagGiRkBKxpdl9fxqA==}
    dev: true

  /@tsconfig/node12@1.0.11:
    resolution: {integrity: sha512-cqefuRsh12pWyGsIoBKJA9luFu3mRxCA+ORZvA4ktLSzIuCUtWVxGIuXigEwO5/ywWFMZ2QEGKWvkZG1zDMTag==}
    dev: true

  /@tsconfig/node14@1.0.3:
    resolution: {integrity: sha512-ysT8mhdixWK6Hw3i1V2AeRqZ5WfXg1G43mqoYlM2nc6388Fq5jcXyr5mRsqViLx/GJYdoL0bfXD8nmF+Zn/Iow==}
    dev: true

  /@tsconfig/node16@1.0.4:
    resolution: {integrity: sha512-vxhUy4J8lyeyinH7Azl1pdd43GJhZH/tP2weN8TntQblOY+A0XbT8DJk1/oCPuOOyg/Ja757rG0CgHcWC8OfMA==}
    dev: true

  /@types/bn.js@5.1.2:
    resolution: {integrity: sha512-dkpZu0szUtn9UXTmw+e0AJFd4D2XAxDnsCLdc05SfqpqzPEBft8eQr8uaFitfo/dUUOZERaLec2hHMG87A4Dxg==}
    dependencies:
      '@types/node': 20.7.1
    dev: false

  /@types/bn.js@5.1.6:
    resolution: {integrity: sha512-Xh8vSwUeMKeYYrj3cX4lGQgFSF/N03r+tv4AiLl1SucqV+uTQpxRcnM8AkXKHwYP9ZPXOYXRr2KPXpVlIvqh9w==}
    dependencies:
      '@types/node': 20.7.1

  /@types/node@20.7.1:
    resolution: {integrity: sha512-LT+OIXpp2kj4E2S/p91BMe+VgGX2+lfO+XTpfXhh+bCk2LkQtHZSub8ewFBMGP5ClysPjTDFa4sMI8Q3n4T0wg==}

  /acorn-walk@8.2.0:
    resolution: {integrity: sha512-k+iyHEuPgSw6SbuDpGQM+06HQUa04DZ3o+F6CSzXMvvI5KMvnaEqXe+YVe555R9nn6GPt404fos4wcgpw12SDA==}
    engines: {node: '>=0.4.0'}
    dev: true

  /acorn@8.10.0:
    resolution: {integrity: sha512-F0SAmZ8iUtS//m8DmCTA0jlh6TDKkHQyK6xc6V4KDTyZKA9dnvX9/3sRTVQrWm79glUAZbnmmNcdYwUIHWVybw==}
    engines: {node: '>=0.4.0'}
    hasBin: true
    dev: true

  /ansi-regex@5.0.1:
    resolution: {integrity: sha512-quJQXlTSUGL2LH9SUXo8VwsY4soanhgo6LNSm84E1LBcE8s3O0wpdiRzyR9z/ZZJMlMWv37qOOb9pdJlMUEKFQ==}
    engines: {node: '>=8'}
    dev: true

  /ansi-styles@4.3.0:
    resolution: {integrity: sha512-zbB9rCJAT1rbjiVDb2hqKFHNYLxgtk8NURxZ3IZwD3F6NtxbXZQCnnSi1Lkx+IDohdPlFp222wVALIheZJQSEg==}
    engines: {node: '>=8'}
    dependencies:
      color-convert: 2.0.1
    dev: true

  /arg@4.1.3:
    resolution: {integrity: sha512-58S9QDqG0Xx27YwPSt9fJxivjYl432YCwfDMfZ+71RAqUrZef7LrKQZ3LHLOwCS4FLNBplP533Zx895SeOCHvA==}
    dev: true

  /bn.js@5.2.1:
    resolution: {integrity: sha512-eXRvHzWyYPBuB4NBy0cmYQjGitUrtqwbvlzP3G6VFnNRbsZQIxQ10PbKKHt8gZ/HW/D/747aDl+QkDqg3KQLMQ==}

  /cliui@8.0.1:
    resolution: {integrity: sha512-BSeNnyus75C4//NQ9gQt1/csTXyo/8Sb+afLAkzAptFuMsod9HFokGNudZpi/oQV73hnVK+sR+5PVRMd+Dr7YQ==}
    engines: {node: '>=12'}
    dependencies:
      string-width: 4.2.3
      strip-ansi: 6.0.1
      wrap-ansi: 7.0.0
    dev: true

  /color-convert@2.0.1:
    resolution: {integrity: sha512-RRECPsj7iu/xb5oKYcsFHSppFNnsj/52OVTRKb4zP5onXwVF3zVmmToNcOfGC+CRDpfK/U584fMg38ZHCaElKQ==}
    engines: {node: '>=7.0.0'}
    dependencies:
      color-name: 1.1.4
    dev: true

  /color-name@1.1.4:
    resolution: {integrity: sha512-dOy+3AuW3a2wNbZHIuMZpTcgjGuLU/uBL/ubcZF9OXbDo8ff4O8yVp5Bf0efS8uEoYo5q4Fx7dY9OgQGXgAsQA==}
    dev: true

  /create-require@1.1.1:
    resolution: {integrity: sha512-dcKFX3jn0MpIaXjisoRvexIJVEKzaq7z2rZKxf+MSr9TkdmHmsU4m2lcLojrj/FHl8mk5VxMmYA+ftRkP/3oKQ==}
    dev: true

  /data-uri-to-buffer@4.0.1:
    resolution: {integrity: sha512-0R9ikRb668HB7QDxT1vkpuUBtqc53YyAwMwGeUFKRojY/NWKvdZ+9UYtRfGmhqNbRkTSVpMbmyhXipFFv2cb/A==}
    engines: {node: '>= 12'}

  /debug@4.3.4:
    resolution: {integrity: sha512-PRWFHuSU3eDtQJPvnNY7Jcket1j0t5OuOsFzPPzsekD52Zl8qUfFIPEiswXqIvHWGVHOgX+7G/vCNNhehwxfkQ==}
    engines: {node: '>=6.0'}
    peerDependencies:
      supports-color: '*'
    peerDependenciesMeta:
      supports-color:
        optional: true
    dependencies:
      ms: 2.1.2

  /diff@4.0.2:
    resolution: {integrity: sha512-58lmxKSA4BNyLz+HHMUzlOEpg09FV+ev6ZMe3vJihgdxzgcwZ8VoEEPmALCZG9LmqfVoNMMKpttIYTVG6uDY7A==}
    engines: {node: '>=0.3.1'}
    dev: true

  /emoji-regex@8.0.0:
    resolution: {integrity: sha512-MSjYzcWNOA0ewAHpz0MxpYFvwg6yjy1NG3xteoqz644VCo/RPgnr1/GGt+ic3iJTzQ8Eu3TdM14SawnVUmGE6A==}
    dev: true

  /escalade@3.1.1:
    resolution: {integrity: sha512-k0er2gUkLf8O0zKJiAhmkTnJlTvINGv7ygDNPbeIsX/TJjGJZHuh9B2UxbsaEkmlEo9MfhrSzmhIlhRlI2GXnw==}
    engines: {node: '>=6'}
    dev: true

  /eventemitter3@5.0.1:
    resolution: {integrity: sha512-GWkBvjiSZK87ELrYOSESUYeVIc9mvLLf/nXalMOS5dYrgZq9o5OVkbZAVM06CVxYsCwH9BDZFPlQTlPA1j4ahA==}

  /fetch-blob@3.2.0:
    resolution: {integrity: sha512-7yAQpD2UMJzLi1Dqv7qFYnPbaPx7ZfFK6PiIxQ4PfkGPyNyl2Ugx+a/umUonmKqjhM4DnfbMvdX6otXq83soQQ==}
    engines: {node: ^12.20 || >= 14.13}
    dependencies:
      node-domexception: 1.0.0
      web-streams-polyfill: 3.2.1

  /formdata-polyfill@4.0.10:
    resolution: {integrity: sha512-buewHzMvYL29jdeQTVILecSaZKnt/RJWjoZCF5OW60Z67/GmSLBkOFM7qh1PI3zFNtJbaZL5eQu1vLfazOwj4g==}
    engines: {node: '>=12.20.0'}
    dependencies:
      fetch-blob: 3.2.0

  /get-caller-file@2.0.5:
    resolution: {integrity: sha512-DyFP3BM/3YHTQOCUL/w0OZHR0lpKeGrxotcHWcqNEdnltqFwXVfhEBQ94eIo34AfQpo0rGki4cyIiftY06h2Fg==}
    engines: {node: 6.* || 8.* || >= 10.*}
    dev: true

  /handlebars@4.7.8:
    resolution: {integrity: sha512-vafaFqs8MZkRrSX7sFVUdo3ap/eNiLnb4IakshzvP56X5Nr1iGKAIqdX6tMlm6HcNRIkr6AxO5jFEoJzzpT8aQ==}
    engines: {node: '>=0.4.7'}
    hasBin: true
    dependencies:
      minimist: 1.2.8
      neo-async: 2.6.2
      source-map: 0.6.1
      wordwrap: 1.0.0
    optionalDependencies:
      uglify-js: 3.17.4
    dev: true

  /is-fullwidth-code-point@3.0.0:
    resolution: {integrity: sha512-zymm5+u+sCsSWyD9qNaejV3DFvhCKclKdizYaJUuHA83RLjb7nSuGnddCHGv0hk+KY7BMAlsWeK4Ueg6EV6XQg==}
    engines: {node: '>=8'}
    dev: true

  /json-stringify-safe@5.0.1:
    resolution: {integrity: sha512-ZClg6AaYvamvYEE82d3Iyd3vSSIjQ+odgjaTzRuO3s7toCdFKczob2i0zCh7JE8kWn17yvAWhUVxvqGwUalsRA==}

  /make-error@1.3.6:
    resolution: {integrity: sha512-s8UhlNe7vPKomQhC1qFelMokr/Sc3AgNbso3n74mVPA5LTZwkB9NlXf4XPamLxJE8h0gh73rM94xvwRT2CVInw==}
    dev: true

  /minimist@1.2.8:
    resolution: {integrity: sha512-2yyAR8qBkN3YuheJanUpWC5U3bb5osDywNB8RzDVlDwDHbocAJveqqj1u8+SVD7jkWT4yvsHCpWqqWqAxb0zCA==}
    dev: true

  /mock-socket@9.3.1:
    resolution: {integrity: sha512-qxBgB7Qa2sEQgHFjj0dSigq7fX4k6Saisd5Nelwp2q8mlbAFh5dHV9JTTlF8viYJLSSWgMCZFUom8PJcMNBoJw==}
    engines: {node: '>= 8'}

  /ms@2.1.2:
    resolution: {integrity: sha512-sGkPx+VjMtmA6MX27oA4FBFELFCZZ4S4XqeGOXCv68tT+jb3vk/RyaKWP0PTKyWtmLSM0b+adUTEvbs1PEaH2w==}

  /neo-async@2.6.2:
    resolution: {integrity: sha512-Yd3UES5mWCSqR+qNT93S3UoYUkqAZ9lLg8a7g9rimsWmYGK8cVToA4/sF3RrshdyV3sAGMXVUmpMYOw+dLpOuw==}
    dev: true

  /nock@13.5.6:
    resolution: {integrity: sha512-o2zOYiCpzRqSzPj0Zt/dQ/DqZeYoaQ7TUonc/xUPjCGl9WeHpNbxgVvOquXYAaJzI0M9BXV3HTzG0p8IUAbBTQ==}
    engines: {node: '>= 10.13'}
    dependencies:
      debug: 4.3.4
      json-stringify-safe: 5.0.1
      propagate: 2.0.1
    transitivePeerDependencies:
      - supports-color

  /node-domexception@1.0.0:
    resolution: {integrity: sha512-/jKZoMpw0F8GRwl4/eLROPA3cfcXtLApP0QzLmUT/HuPCZWyB7IY9ZrMeKw2O/nFIqPQB3PVM9aYm0F312AXDQ==}
    engines: {node: '>=10.5.0'}

  /node-fetch@3.3.2:
    resolution: {integrity: sha512-dRB78srN/l6gqWulah9SrxeYnxeddIG30+GOqK/9OlLVyLg3HPnr6SqOWTWOXKRwC2eGYCkZ59NNuSgvSrpgOA==}
    engines: {node: ^12.20.0 || ^14.13.1 || >=16.0.0}
    dependencies:
      data-uri-to-buffer: 4.0.1
      fetch-blob: 3.2.0
      formdata-polyfill: 4.0.10

  /prettier@2.8.1:
    resolution: {integrity: sha512-lqGoSJBQNJidqCHE80vqZJHWHRFoNYsSpP9AjFhlhi9ODCJA541svILes/+/1GM3VaL/abZi7cpFzOpdR9UPKg==}
    engines: {node: '>=10.13.0'}
    hasBin: true
    dev: true

  /propagate@2.0.1:
    resolution: {integrity: sha512-vGrhOavPSTz4QVNuBNdcNXePNdNMaO1xj9yBeH1ScQPjk/rhg9sSlCXPhMkFuaNNW/syTvYqsnbIJxMBfRbbag==}
    engines: {node: '>= 8'}

  /require-directory@2.1.1:
    resolution: {integrity: sha512-fGxEI7+wsG9xrvdjsrlmL22OMTTiHRwAMroiEeMgq8gzoLC/PQr7RsRDSTLUg/bZAZtF+TVIkHc6/4RIKrui+Q==}
    engines: {node: '>=0.10.0'}
    dev: true

  /rxjs@7.8.1:
    resolution: {integrity: sha512-AA3TVj+0A2iuIoQkWEK/tqFjBq2j+6PO6Y0zJcvzLAFhEFIO3HL0vls9hWLncZbAAbK0mar7oZ4V079I/qPMxg==}
    dependencies:
      tslib: 2.8.1

  /scale-ts@1.6.1:
    resolution: {integrity: sha512-PBMc2AWc6wSEqJYBDPcyCLUj9/tMKnLX70jLOSndMtcUoLQucP/DM0vnQo1wJAYjTrQiq8iG9rD0q6wFzgjH7g==}
    requiresBuild: true
    optional: true

  /smoldot@2.0.26:
    resolution: {integrity: sha512-F+qYmH4z2s2FK+CxGj8moYcd1ekSIKH8ywkdqlOz88Dat35iB1DIYL11aILN46YSGMzQW/lbJNS307zBSDN5Ig==}
    requiresBuild: true
    dependencies:
      ws: 8.14.2
    transitivePeerDependencies:
      - bufferutil
      - utf-8-validate
    optional: true

  /source-map@0.6.1:
    resolution: {integrity: sha512-UjgapumWlbMhkBgzT7Ykc5YXUT46F0iKu8SGXq0bcwP5dz/h0Plj6enJqjz1Zbq2l5WaqYnrVbwWOWMyF3F47g==}
    engines: {node: '>=0.10.0'}
    dev: true

  /string-width@4.2.3:
    resolution: {integrity: sha512-wKyQRQpjJ0sIp62ErSZdGsjMJWsap5oRNihHhu6G7JVO/9jIB6UyevL+tXuOqrng8j/cxKTWyWUwvSTriiZz/g==}
    engines: {node: '>=8'}
    dependencies:
      emoji-regex: 8.0.0
      is-fullwidth-code-point: 3.0.0
      strip-ansi: 6.0.1
    dev: true

  /strip-ansi@6.0.1:
    resolution: {integrity: sha512-Y38VPSHcqkFrCpFnQ9vuSXmquuv5oXOKpGeT6aGrr3o3Gc9AlVa6JBfUSOCnbxGGZF+/0ooI7KrPuUSztUdU5A==}
    engines: {node: '>=8'}
    dependencies:
      ansi-regex: 5.0.1
    dev: true

  /ts-node@10.9.1(@types/node@20.7.1)(typescript@5.2.2):
    resolution: {integrity: sha512-NtVysVPkxxrwFGUUxGYhfux8k78pQB3JqYBXlLRZgdGUqTO5wU/UyHop5p70iEbGhB7q5KmiZiU0Y3KlJrScEw==}
    hasBin: true
    peerDependencies:
      '@swc/core': '>=1.2.50'
      '@swc/wasm': '>=1.2.50'
      '@types/node': '*'
      typescript: '>=2.7'
    peerDependenciesMeta:
      '@swc/core':
        optional: true
      '@swc/wasm':
        optional: true
    dependencies:
      '@cspotcode/source-map-support': 0.8.1
      '@tsconfig/node10': 1.0.9
      '@tsconfig/node12': 1.0.11
      '@tsconfig/node14': 1.0.3
      '@tsconfig/node16': 1.0.4
      '@types/node': 20.7.1
      acorn: 8.10.0
      acorn-walk: 8.2.0
      arg: 4.1.3
      create-require: 1.1.1
      diff: 4.0.2
      make-error: 1.3.6
      typescript: 5.2.2
      v8-compile-cache-lib: 3.0.1
      yn: 3.1.1
    dev: true

  /tslib@2.6.2:
    resolution: {integrity: sha512-AEYxH93jGFPn/a2iVAwW87VuUIkR1FVUKB77NwMF7nBTDkDrrT/Hpt/IrCJ0QXhW27jTBDcf5ZY7w6RiqTMw2Q==}
    dev: false

  /tslib@2.8.1:
    resolution: {integrity: sha512-oJFu94HQb+KVduSUQL7wnpmqnfmLsOA/nAh6b6EH0wCEoK0/mPeXU6c3wKDV83MkOuHPRHtSXKKU99IBazS/2w==}

  /typescript@5.2.2:
    resolution: {integrity: sha512-mI4WrpHsbCIcwT9cF4FZvr80QUeKvsUsUvKDoR+X/7XHQH98xYD8YHZg7ANtz2GtZt/CBq2QJ0thkGJMHfqc1w==}
    engines: {node: '>=14.17'}
    hasBin: true
    dev: true

  /uglify-js@3.17.4:
    resolution: {integrity: sha512-T9q82TJI9e/C1TAxYvfb16xO120tMVFZrGA3f9/P4424DNu6ypK103y0GPFVa17yotwSyZW5iYXgjYHkGrJW/g==}
    engines: {node: '>=0.8.0'}
    hasBin: true
    requiresBuild: true
    dev: true
    optional: true

  /v8-compile-cache-lib@3.0.1:
    resolution: {integrity: sha512-wa7YjyUGfNZngI/vtK0UHAN+lgDCxBPCylVXGp0zu59Fz5aiGtNXaq3DhIov063MorB+VfufLh3JlF2KdTK3xg==}
    dev: true

  /web-streams-polyfill@3.2.1:
    resolution: {integrity: sha512-e0MO3wdXWKrLbL0DgGnUV7WHVuw9OUvL4hjgnPkIeEvESk74gAITi5G606JtZPp39cd8HA9VQzCIvA49LpPN5Q==}
    engines: {node: '>= 8'}

  /wordwrap@1.0.0:
    resolution: {integrity: sha512-gvVzJFlPycKc5dZN4yPkP8w7Dc37BtP1yczEneOb4uq34pXZcvrtRTmWV8W+Ume+XCxKgbjM+nevkyFPMybd4Q==}
    dev: true

  /wrap-ansi@7.0.0:
    resolution: {integrity: sha512-YVGIj2kamLSTxw6NsZjoBxfSwsn0ycdesmc4p+Q21c5zPuZ1pl+NfxVdxPtdHvmNVOQ6XSYG4AUtyt/Fi7D16Q==}
    engines: {node: '>=10'}
    dependencies:
      ansi-styles: 4.3.0
      string-width: 4.2.3
      strip-ansi: 6.0.1
    dev: true

  /ws@8.14.2:
    resolution: {integrity: sha512-wEBG1ftX4jcglPxgFCMJmZ2PLtSbJ2Peg6TmpJFTbe9GZYOQCDPdMYu/Tm0/bGZkw8paZnJY45J4K2PZrLYq8g==}
    engines: {node: '>=10.0.0'}
    requiresBuild: true
    peerDependencies:
      bufferutil: ^4.0.1
      utf-8-validate: '>=5.0.2'
    peerDependenciesMeta:
      bufferutil:
        optional: true
      utf-8-validate:
        optional: true
    optional: true

  /ws@8.18.0:
    resolution: {integrity: sha512-8VbfWfHLbbwu3+N6OKsOMpBdT4kXPDDB9cJk2bJ6mh9ucxdlnNvH1e+roYkKmN9Nxw2yjz7VzeO9oOz2zJ04Pw==}
    engines: {node: '>=10.0.0'}
    peerDependencies:
      bufferutil: ^4.0.1
      utf-8-validate: '>=5.0.2'
    peerDependenciesMeta:
      bufferutil:
        optional: true
      utf-8-validate:
        optional: true

  /y18n@5.0.8:
    resolution: {integrity: sha512-0pfFzegeDWJHJIAmTLRP2DwHjdF5s7jo9tuztdQxAhINCdvS+3nGINqPd00AphqJR/0LhANUS6/+7SCb98YOfA==}
    engines: {node: '>=10'}
    dev: true

  /yargs-parser@21.1.1:
    resolution: {integrity: sha512-tVpsJW7DdjecAiFpbIB1e3qxIQsE6NoPc5/eTdrbbIC4h0LVsWhnoa3g+m2HclBIujHzsxZ4VJVA+GUuc2/LBw==}
    engines: {node: '>=12'}
    dev: true

  /yargs@17.7.2:
    resolution: {integrity: sha512-7dSzzRQ++CKnNI/krKnYRV7JKKPUXMEh61soaHKg9mrWEhzFWhFnxPxGl+69cD1Ou63C13NUPCnmIcrvqCuM6w==}
    engines: {node: '>=12'}
    dependencies:
      cliui: 8.0.1
      escalade: 3.1.1
      get-caller-file: 2.0.5
      require-directory: 2.1.1
      string-width: 4.2.3
      y18n: 5.0.8
      yargs-parser: 21.1.1
    dev: true

  /yn@3.1.1:
    resolution: {integrity: sha512-Ux4ygGWsu2c7isFWe8Yu1YluJmqVhxqK2cLXNQA5AcC3QfbGNpM7fu0Y8b/z16pXLnFxZYvWhd3fhBY9DLmC6Q==}
    engines: {node: '>=6'}
    dev: true
